
Microsoft Visual Studio Solution File, Format Version 12.00
# Visual Studio Version 17
VisualStudioVersion = 17.7.34009.444
MinimumVisualStudioVersion = 10.0.40219.1
Project("{9A19103F-16F7-4668-BE54-9A1E7A4F7556}") = "PizzaShopNet6", "PizzaShopNet6\PizzaShopNet6.csproj", "{04093FA4-B1D4-4FF3-B835-EDEAE9EB5FF8}"
EndProject
Global
	GlobalSection(SolutionConfigurationPlatforms) = preSolution
		Debug|Any CPU = Debug|Any CPU
		Release|Any CPU = Release|Any CPU
	EndGlobalSection
	GlobalSection(ProjectConfigurationPlatforms) = postSolution
		{04093FA4-B1D4-4FF3-B835-EDEAE9EB5FF8}.Debug|Any CPU.ActiveCfg = Debug|Any CPU
		{04093FA4-B1D4-4FF3-B835-EDEAE9EB5FF8}.Debug|Any CPU.Build.0 = Debug|Any CPU
		{04093FA4-B1D4-4FF3-B835-EDEAE9EB5FF8}.Release|Any CPU.ActiveCfg = Release|Any CPU
		{04093FA4-B1D4-4FF3-B835-EDEAE9EB5FF8}.Release|Any CPU.Build.0 = Release|Any CPU
	EndGlobalSection
	GlobalSection(SolutionProperties) = preSolution
		HideSolutionNode = FALSE
	EndGlobalSection
	GlobalSection(ExtensibilityGlobals) = postSolution
		SolutionGuid = {A8F0C1EA-92FE-42ED-93AE-793095A2E633}
	EndGlobalSection
EndGlobal
